
Microsoft Visual Studio Solution File, Format Version 12.00
# Visual Studio Version 17
VisualStudioVersion = 17.2.32616.157
MinimumVisualStudioVersion = 10.0.40219.1
Project("{FAE04EC0-301F-11D3-BF4B-00C04F79EFBC}") = "TimeTracker", "TimeTracker\TimeTracker.csproj", "{15B23828-4FFD-49BB-84AC-FA3125754539}"
EndProject
Global
	GlobalSection(SolutionConfigurationPlatforms) = preSolution
		Debug|Any CPU = Debug|Any CPU
		Release|Any CPU = Release|Any CPU
	EndGlobalSection
	GlobalSection(ProjectConfigurationPlatforms) = postSolution
		{15B23828-4FFD-49BB-84AC-FA3125754539}.Debug|Any CPU.ActiveCfg = Debug|Any CPU
		{15B23828-4FFD-49BB-84AC-FA3125754539}.Debug|Any CPU.Build.0 = Debug|Any CPU
		{15B23828-4FFD-49BB-84AC-FA3125754539}.Release|Any CPU.ActiveCfg = Release|Any CPU
		{15B23828-4FFD-49BB-84AC-FA3125754539}.Release|Any CPU.Build.0 = Release|Any CPU
	EndGlobalSection
	GlobalSection(SolutionProperties) = preSolution
		HideSolutionNode = FALSE
	EndGlobalSection
	GlobalSection(ExtensibilityGlobals) = postSolution
		SolutionGuid = {E12D2114-1884-4C4F-A571-1B5F210378A4}
	EndGlobalSection
EndGlobal
